Microsoft Visual Studio Solution File, Format Version 12.00
# Visual Studio Version 17
VisualStudioVersion = 17.5.2.0
MinimumVisualStudioVersion = 10.0.40219.1
Project("{FAE04EC0-301F-11D3-BF4B-00C04F79EFBC}") = "Trabalho SO", "Trabalho SO.csproj", "{33CB0E03-28ED-2DFF-3BDD-0291912C601A}"
EndProject
Global
	GlobalSection(SolutionConfigurationPlatforms) = preSolution
		Debug|Any CPU = Debug|Any CPU
		Release|Any CPU = Release|Any CPU
	EndGlobalSection
	GlobalSection(ProjectConfigurationPlatforms) = postSolution
		{33CB0E03-28ED-2DFF-3BDD-0291912C601A}.Debug|Any CPU.ActiveCfg = Debug|Any CPU
		{33CB0E03-28ED-2DFF-3BDD-0291912C601A}.Debug|Any CPU.Build.0 = Debug|Any CPU
		{33CB0E03-28ED-2DFF-3BDD-0291912C601A}.Release|Any CPU.ActiveCfg = Release|Any CPU
		{33CB0E03-28ED-2DFF-3BDD-0291912C601A}.Release|Any CPU.Build.0 = Release|Any CPU
	EndGlobalSection
	GlobalSection(SolutionProperties) = preSolution
		HideSolutionNode = FALSE
	EndGlobalSection
	GlobalSection(ExtensibilityGlobals) = postSolution
		SolutionGuid = {A347FFB0-71E2-40A7-B5C2-9F3D3C60B55D}
	EndGlobalSection
EndGlobal
